
Microsoft Visual Studio Solution File, Format Version 12.00
# Visual Studio 15
VisualStudioVersion = 15.0.27428.2005
MinimumVisualStudioVersion = 10.0.40219.1
Project("{FAE04EC0-301F-11D3-BF4B-00C04F79EFBC}") = "WindowsFormsApp2", "WindowsFormsApp2\WindowsFormsApp2.csproj", "{E83525DC-C618-43FA-AB5E-51EAAF22B126}"
EndProject
Project("{54435603-DBB4-11D2-8724-00A0C9A8B90C}") = "Setup1", "Setup1\Setup1.vdproj", "{20AC1B2E-DFEB-4A7C-9BA5-C44C608DEB9B}"
EndProject
Global
	GlobalSection(SolutionConfigurationPlatforms) = preSolution
		Debug|Any CPU = Debug|Any CPU
		Release|Any CPU = Release|Any CPU
	EndGlobalSection
	GlobalSection(ProjectConfigurationPlatforms) = postSolution
		{E83525DC-C618-43FA-AB5E-51EAAF22B126}.Debug|Any CPU.ActiveCfg = Debug|Any CPU
		{E83525DC-C618-43FA-AB5E-51EAAF22B126}.Debug|Any CPU.Build.0 = Debug|Any CPU
		{E83525DC-C618-43FA-AB5E-51EAAF22B126}.Release|Any CPU.ActiveCfg = Release|Any CPU
		{E83525DC-C618-43FA-AB5E-51EAAF22B126}.Release|Any CPU.Build.0 = Release|Any CPU
		{20AC1B2E-DFEB-4A7C-9BA5-C44C608DEB9B}.Debug|Any CPU.ActiveCfg = Debug
		{20AC1B2E-DFEB-4A7C-9BA5-C44C608DEB9B}.Release|Any CPU.ActiveCfg = Release
	EndGlobalSection
	GlobalSection(SolutionProperties) = preSolution
		HideSolutionNode = FALSE
	EndGlobalSection
	GlobalSection(ExtensibilityGlobals) = postSolution
		SolutionGuid = {0978BD9A-72A4-4E30-8DD0-BAB94F0DD8DA}
	EndGlobalSection
EndGlobal
